
Microsoft Visual Studio Solution File, Format Version 12.00
# Visual Studio Version 16
VisualStudioVersion = 16.0.28803.202
MinimumVisualStudioVersion = 10.0.40219.1
Project("{FAE04EC0-301F-11D3-BF4B-00C04F79EFBC}") = "MovieList", "MovieList\MovieList.csproj", "{4D5A7798-57E0-4A46-B250-D8769F97A373}"
EndProject
Project("{FAE04EC0-301F-11D3-BF4B-00C04F79EFBC}") = "MovieList.Test", "MovieList.Test\MovieList.Test.csproj", "{90D6B3C0-0373-4B90-8883-275E649B000F}"
EndProject
Project("{54435603-DBB4-11D2-8724-00A0C9A8B90C}") = "MovieList.Setup", "MovieList.Setup\MovieList.Setup.vdproj", "{26DE43E6-B0F7-45EA-8B1C-E8AEEEBCD921}"
EndProject
Global
	GlobalSection(SolutionConfigurationPlatforms) = preSolution
		Debug|Any CPU = Debug|Any CPU
		Release|Any CPU = Release|Any CPU
	EndGlobalSection
	GlobalSection(ProjectConfigurationPlatforms) = postSolution
		{4D5A7798-57E0-4A46-B250-D8769F97A373}.Debug|Any CPU.ActiveCfg = Debug|Any CPU
		{4D5A7798-57E0-4A46-B250-D8769F97A373}.Debug|Any CPU.Build.0 = Debug|Any CPU
		{4D5A7798-57E0-4A46-B250-D8769F97A373}.Release|Any CPU.ActiveCfg = Release|Any CPU
		{4D5A7798-57E0-4A46-B250-D8769F97A373}.Release|Any CPU.Build.0 = Release|Any CPU
		{90D6B3C0-0373-4B90-8883-275E649B000F}.Debug|Any CPU.ActiveCfg = Debug|Any CPU
		{90D6B3C0-0373-4B90-8883-275E649B000F}.Debug|Any CPU.Build.0 = Debug|Any CPU
		{90D6B3C0-0373-4B90-8883-275E649B000F}.Release|Any CPU.ActiveCfg = Release|Any CPU
		{90D6B3C0-0373-4B90-8883-275E649B000F}.Release|Any CPU.Build.0 = Release|Any CPU
		{26DE43E6-B0F7-45EA-8B1C-E8AEEEBCD921}.Debug|Any CPU.ActiveCfg = Debug
		{26DE43E6-B0F7-45EA-8B1C-E8AEEEBCD921}.Release|Any CPU.ActiveCfg = Release
	EndGlobalSection
	GlobalSection(SolutionProperties) = preSolution
		HideSolutionNode = FALSE
	EndGlobalSection
	GlobalSection(ExtensibilityGlobals) = postSolution
		SolutionGuid = {4B77271C-4CFD-4090-B71A-F7E6850FFBD8}
	EndGlobalSection
EndGlobal
